
Microsoft Visual Studio Solution File, Format Version 12.00
# Visual Studio Version 17
VisualStudioVersion = 17.10.35027.167
MinimumVisualStudioVersion = 10.0.40219.1
Project("{FAE04EC0-301F-11D3-BF4B-00C04F79EFBC}") = "FluentMigrator1836", "FluentMigrator1836.csproj", "{C68670B3-4CB2-4BB9-8637-CF01AD73553D}"
EndProject
Global
	GlobalSection(SolutionConfigurationPlatforms) = preSolution
		Debug|Any CPU = Debug|Any CPU
		Release|Any CPU = Release|Any CPU
	EndGlobalSection
	GlobalSection(ProjectConfigurationPlatforms) = postSolution
		{C68670B3-4CB2-4BB9-8637-CF01AD73553D}.Debug|Any CPU.ActiveCfg = Debug|Any CPU
		{C68670B3-4CB2-4BB9-8637-CF01AD73553D}.Debug|Any CPU.Build.0 = Debug|Any CPU
		{C68670B3-4CB2-4BB9-8637-CF01AD73553D}.Release|Any CPU.ActiveCfg = Release|Any CPU
		{C68670B3-4CB2-4BB9-8637-CF01AD73553D}.Release|Any CPU.Build.0 = Release|Any CPU
	EndGlobalSection
	GlobalSection(SolutionProperties) = preSolution
		HideSolutionNode = FALSE
	EndGlobalSection
	GlobalSection(ExtensibilityGlobals) = postSolution
		SolutionGuid = {98C8484B-B1FF-433E-B236-78D671CC3F36}
	EndGlobalSection
EndGlobal
